// !$*UTF8*$!
{
	archiveVersion = 1;
	classes = {
	};
	objectVersion = 50;
	objects = {

/* Begin PBXBuildFile section */
		D62FB48021B2C7DE001B7121 /* AppDelegate.swift in Sources */ = {isa = PBXBuildFile; fileRef = D62FB47F21B2C7DE001B7121 /* AppDelegate.swift */; };
		D62FB48221B2C7DE001B7121 /* ViewController.swift in Sources */ = {isa = PBXBuildFile; fileRef = D62FB48121B2C7DE001B7121 /* ViewController.swift */; };
		D62FB48521B2C7DE001B7121 /* Main.storyboard in Resources */ = {isa = PBXBuildFile; fileRef = D62FB48321B2C7DE001B7121 /* Main.storyboard */; };
		D62FB48721B2C7DF001B7121 /* Assets.xcassets in Resources */ = {isa = PBXBuildFile; fileRef = D62FB48621B2C7DF001B7121 /* Assets.xcassets */; };
		D62FB48A21B2C7DF001B7121 /* LaunchScreen.storyboard in Resources */ = {isa = PBXBuildFile; fileRef = D62FB48821B2C7DF001B7121 /* LaunchScreen.storyboard */; };
		D62FB49521B2C7DF001B7121 /* AdventOfCode2018Tests.swift in Sources */ = {isa = PBXBuildFile; fileRef = D62FB49421B2C7DF001B7121 /* AdventOfCode2018Tests.swift */; };
		D62FB4A021B2C7DF001B7121 /* AdventOfCode2018UITests.swift in Sources */ = {isa = PBXBuildFile; fileRef = D62FB49F21B2C7DF001B7121 /* AdventOfCode2018UITests.swift */; };
		D62FB4AE21B2C80E001B7121 /* Day1.swift in Sources */ = {isa = PBXBuildFile; fileRef = D62FB4AD21B2C80E001B7121 /* Day1.swift */; };
		D6CD9C5F21B4CC0B0055E175 /* Day2.swift in Sources */ = {isa = PBXBuildFile; fileRef = D6CD9C5E21B4CC0B0055E175 /* Day2.swift */; };
		D6CD9C6121B4CC540055E175 /* Day3.swift in Sources */ = {isa = PBXBuildFile; fileRef = D6CD9C6021B4CC540055E175 /* Day3.swift */; };
		D6CD9C6321B4DE8A0055E175 /* Day1.txt in Resources */ = {isa = PBXBuildFile; fileRef = D6CD9C6221B4DE8A0055E175 /* Day1.txt */; };
		D6CD9C6521B4E0650055E175 /* Day2.txt in Resources */ = {isa = PBXBuildFile; fileRef = D6CD9C6421B4E0650055E175 /* Day2.txt */; };
		D6CD9C6721B4E41A0055E175 /* Day3.txt in Resources */ = {isa = PBXBuildFile; fileRef = D6CD9C6621B4E41A0055E175 /* Day3.txt */; };
		D6CD9C9421B4EB6C0055E175 /* Day14.swift in Sources */ = {isa = PBXBuildFile; fileRef = D6CD9C6821B4EB690055E175 /* Day14.swift */; };
		D6CD9C9521B4EB6C0055E175 /* Day21.txt in Resources */ = {isa = PBXBuildFile; fileRef = D6CD9C6921B4EB690055E175 /* Day21.txt */; };
		D6CD9C9621B4EB6C0055E175 /* Day9.txt in Resources */ = {isa = PBXBuildFile; fileRef = D6CD9C6A21B4EB690055E175 /* Day9.txt */; };
		D6CD9C9721B4EB6C0055E175 /* Day22.swift in Sources */ = {isa = PBXBuildFile; fileRef = D6CD9C6B21B4EB690055E175 /* Day22.swift */; };
		D6CD9C9821B4EB6C0055E175 /* Day23.swift in Sources */ = {isa = PBXBuildFile; fileRef = D6CD9C6C21B4EB690055E175 /* Day23.swift */; };
		D6CD9C9921B4EB6C0055E175 /* Day25.swift in Sources */ = {isa = PBXBuildFile; fileRef = D6CD9C6D21B4EB690055E175 /* Day25.swift */; };
		D6CD9C9A21B4EB6C0055E175 /* Day25.txt in Resources */ = {isa = PBXBuildFile; fileRef = D6CD9C6E21B4EB690055E175 /* Day25.txt */; };
		D6CD9C9B21B4EB6C0055E175 /* Day11.txt in Resources */ = {isa = PBXBuildFile; fileRef = D6CD9C6F21B4EB690055E175 /* Day11.txt */; };
		D6CD9C9C21B4EB6C0055E175 /* Day14.txt in Resources */ = {isa = PBXBuildFile; fileRef = D6CD9C7021B4EB690055E175 /* Day14.txt */; };
		D6CD9C9D21B4EB6C0055E175 /* Day9.swift in Sources */ = {isa = PBXBuildFile; fileRef = D6CD9C7121B4EB690055E175 /* Day9.swift */; };
		D6CD9C9E21B4EB6C0055E175 /* Day5.swift in Sources */ = {isa = PBXBuildFile; fileRef = D6CD9C7221B4EB690055E175 /* Day5.swift */; };
		D6CD9C9F21B4EB6C0055E175 /* Day10.swift in Sources */ = {isa = PBXBuildFile; fileRef = D6CD9C7321B4EB690055E175 /* Day10.swift */; };
		D6CD9CA021B4EB6C0055E175 /* Day17.txt in Resources */ = {isa = PBXBuildFile; fileRef = D6CD9C7421B4EB690055E175 /* Day17.txt */; };
		D6CD9CA121B4EB6C0055E175 /* Day19.swift in Sources */ = {isa = PBXBuildFile; fileRef = D6CD9C7521B4EB690055E175 /* Day19.swift */; };
		D6CD9CA221B4EB6C0055E175 /* Day21.swift in Sources */ = {isa = PBXBuildFile; fileRef = D6CD9C7621B4EB690055E175 /* Day21.swift */; };
		D6CD9CA321B4EB6C0055E175 /* Day7.swift in Sources */ = {isa = PBXBuildFile; fileRef = D6CD9C7721B4EB6A0055E175 /* Day7.swift */; };
		D6CD9CA421B4EB6C0055E175 /* Day16.swift in Sources */ = {isa = PBXBuildFile; fileRef = D6CD9C7821B4EB6A0055E175 /* Day16.swift */; };
		D6CD9CA521B4EB6C0055E175 /* Day8.txt in Resources */ = {isa = PBXBuildFile; fileRef = D6CD9C7921B4EB6A0055E175 /* Day8.txt */; };
		D6CD9CA621B4EB6C0055E175 /* Day12.swift in Sources */ = {isa = PBXBuildFile; fileRef = D6CD9C7A21B4EB6A0055E175 /* Day12.swift */; };
		D6CD9CA721B4EB6C0055E175 /* Day10.txt in Resources */ = {isa = PBXBuildFile; fileRef = D6CD9C7B21B4EB6A0055E175 /* Day10.txt */; };
		D6CD9CA821B4EB6C0055E175 /* Day4.txt in Resources */ = {isa = PBXBuildFile; fileRef = D6CD9C7C21B4EB6A0055E175 /* Day4.txt */; };
		D6CD9CA921B4EB6C0055E175 /* Day19.txt in Resources */ = {isa = PBXBuildFile; fileRef = D6CD9C7D21B4EB6A0055E175 /* Day19.txt */; };
		D6CD9CAA21B4EB6C0055E175 /* Day22.txt in Resources */ = {isa = PBXBuildFile; fileRef = D6CD9C7E21B4EB6A0055E175 /* Day22.txt */; };
		D6CD9CAB21B4EB6C0055E175 /* Day23.txt in Resources */ = {isa = PBXBuildFile; fileRef = D6CD9C7F21B4EB6A0055E175 /* Day23.txt */; };
		D6CD9CAC21B4EB6C0055E175 /* Day13.txt in Resources */ = {isa = PBXBuildFile; fileRef = D6CD9C8021B4EB6A0055E175 /* Day13.txt */; };
		D6CD9CAD21B4EB6C0055E175 /* Day24.swift in Sources */ = {isa = PBXBuildFile; fileRef = D6CD9C8121B4EB6A0055E175 /* Day24.swift */; };
		D6CD9CAE21B4EB6C0055E175 /* Day24.txt in Resources */ = {isa = PBXBuildFile; fileRef = D6CD9C8221B4EB6A0055E175 /* Day24.txt */; };
		D6CD9CAF21B4EB6C0055E175 /* Day6.swift in Sources */ = {isa = PBXBuildFile; fileRef = D6CD9C8321B4EB6B0055E175 /* Day6.swift */; };
		D6CD9CB021B4EB6C0055E175 /* Day16.txt in Resources */ = {isa = PBXBuildFile; fileRef = D6CD9C8421B4EB6B0055E175 /* Day16.txt */; };
		D6CD9CB121B4EB6C0055E175 /* Day17.swift in Sources */ = {isa = PBXBuildFile; fileRef = D6CD9C8521B4EB6B0055E175 /* Day17.swift */; };
		D6CD9CB221B4EB6C0055E175 /* Day5.txt in Resources */ = {isa = PBXBuildFile; fileRef = D6CD9C8621B4EB6B0055E175 /* Day5.txt */; };
		D6CD9CB321B4EB6C0055E175 /* Day8.swift in Sources */ = {isa = PBXBuildFile; fileRef = D6CD9C8721B4EB6B0055E175 /* Day8.swift */; };
		D6CD9CB421B4EB6C0055E175 /* Day11.swift in Sources */ = {isa = PBXBuildFile; fileRef = D6CD9C8821B4EB6B0055E175 /* Day11.swift */; };
		D6CD9CB521B4EB6C0055E175 /* Day7.txt in Resources */ = {isa = PBXBuildFile; fileRef = D6CD9C8921B4EB6B0055E175 /* Day7.txt */; };
		D6CD9CB621B4EB6C0055E175 /* Day15.swift in Sources */ = {isa = PBXBuildFile; fileRef = D6CD9C8A21B4EB6B0055E175 /* Day15.swift */; };
		D6CD9CB721B4EB6C0055E175 /* Day4.swift in Sources */ = {isa = PBXBuildFile; fileRef = D6CD9C8B21B4EB6B0055E175 /* Day4.swift */; };
		D6CD9CB821B4EB6C0055E175 /* Day18.swift in Sources */ = {isa = PBXBuildFile; fileRef = D6CD9C8C21B4EB6B0055E175 /* Day18.swift */; };
		D6CD9CB921B4EB6C0055E175 /* Day20.swift in Sources */ = {isa = PBXBuildFile; fileRef = D6CD9C8D21B4EB6B0055E175 /* Day20.swift */; };
		D6CD9CBA21B4EB6C0055E175 /* Day13.swift in Sources */ = {isa = PBXBuildFile; fileRef = D6CD9C8E21B4EB6B0055E175 /* Day13.swift */; };
		D6CD9CBB21B4EB6C0055E175 /* Day12.txt in Resources */ = {isa = PBXBuildFile; fileRef = D6CD9C8F21B4EB6C0055E175 /* Day12.txt */; };
		D6CD9CBC21B4EB6C0055E175 /* Day15.txt in Resources */ = {isa = PBXBuildFile; fileRef = D6CD9C9021B4EB6C0055E175 /* Day15.txt */; };
		D6CD9CBD21B4EB6C0055E175 /* Day18.txt in Resources */ = {isa = PBXBuildFile; fileRef = D6CD9C9121B4EB6C0055E175 /* Day18.txt */; };
		D6CD9CBE21B4EB6C0055E175 /* Day6.txt in Resources */ = {isa = PBXBuildFile; fileRef = D6CD9C9221B4EB6C0055E175 /* Day6.txt */; };
		D6CD9CBF21B4EB6C0055E175 /* Day20.txt in Resources */ = {isa = PBXBuildFile; fileRef = D6CD9C9321B4EB6C0055E175 /* Day20.txt */; };
/* End PBXBuildFile section */

/* Begin PBXContainerItemProxy section */
		D62FB49121B2C7DF001B7121 /* PBXContainerItemProxy */ = {
			isa = PBXContainerItemProxy;
			containerPortal = D62FB47421B2C7DE001B7121 /* Project object */;
			proxyType = 1;
			remoteGlobalIDString = D62FB47B21B2C7DE001B7121;
			remoteInfo = AdventOfCode2018;
		};
		D62FB49C21B2C7DF001B7121 /* PBXContainerItemProxy */ = {
			isa = PBXContainerItemProxy;
			containerPortal = D62FB47421B2C7DE001B7121 /* Project object */;
			proxyType = 1;
			remoteGlobalIDString = D62FB47B21B2C7DE001B7121;
			remoteInfo = AdventOfCode2018;
		};
/* End PBXContainerItemProxy section */

/* Begin PBXFileReference section */
		D62FB47C21B2C7DE001B7121 /* AdventOfCode2018.app */ = {isa = PBXFileReference; explicitFileType = wrapper.application; includeInIndex = 0; path = AdventOfCode2018.app; sourceTree = BUILT_PRODUCTS_DIR; };
		D62FB47F21B2C7DE001B7121 /* AppDelegate.swift */ = {isa = PBXFileReference; lastKnownFileType = sourcecode.swift; path = AppDelegate.swift; sourceTree = "<group>"; };
		D62FB48121B2C7DE001B7121 /* ViewController.swift */ = {isa = PBXFileReference; lastKnownFileType = sourcecode.swift; path = ViewController.swift; sourceTree = "<group>"; };
		D62FB48421B2C7DE001B7121 /* Base */ = {isa = PBXFileReference; lastKnownFileType = file.storyboard; name = Base; path = Base.lproj/Main.storyboard; sourceTree = "<group>"; };
		D62FB48621B2C7DF001B7121 /* Assets.xcassets */ = {isa = PBXFileReference; lastKnownFileType = folder.assetcatalog; path = Assets.xcassets; sourceTree = "<group>"; };
		D62FB48921B2C7DF001B7121 /* Base */ = {isa = PBXFileReference; lastKnownFileType = file.storyboard; name = Base; path = Base.lproj/LaunchScreen.storyboard; sourceTree = "<group>"; };
		D62FB48B21B2C7DF001B7121 /* Info.plist */ = {isa = PBXFileReference; lastKnownFileType = text.plist.xml; path = Info.plist; sourceTree = "<group>"; };
		D62FB49021B2C7DF001B7121 /* AdventOfCode2018Tests.xctest */ = {isa = PBXFileReference; explicitFileType = wrapper.cfbundle; includeInIndex = 0; path = AdventOfCode2018Tests.xctest; sourceTree = BUILT_PRODUCTS_DIR; };
		D62FB49421B2C7DF001B7121 /* AdventOfCode2018Tests.swift */ = {isa = PBXFileReference; lastKnownFileType = sourcecode.swift; path = AdventOfCode2018Tests.swift; sourceTree = "<group>"; };
		D62FB49621B2C7DF001B7121 /* Info.plist */ = {isa = PBXFileReference; lastKnownFileType = text.plist.xml; path = Info.plist; sourceTree = "<group>"; };
		D62FB49B21B2C7DF001B7121 /* AdventOfCode2018UITests.xctest */ = {isa = PBXFileReference; explicitFileType = wrapper.cfbundle; includeInIndex = 0; path = AdventOfCode2018UITests.xctest; sourceTree = BUILT_PRODUCTS_DIR; };
		D62FB49F21B2C7DF001B7121 /* AdventOfCode2018UITests.swift */ = {isa = PBXFileReference; lastKnownFileType = sourcecode.swift; path = AdventOfCode2018UITests.swift; sourceTree = "<group>"; };
		D62FB4A121B2C7DF001B7121 /* Info.plist */ = {isa = PBXFileReference; lastKnownFileType = text.plist.xml; path = Info.plist; sourceTree = "<group>"; };
		D62FB4AD21B2C80E001B7121 /* Day1.swift */ = {isa = PBXFileReference; lastKnownFileType = sourcecode.swift; path = Day1.swift; sourceTree = "<group>"; };
		D6CD9C5E21B4CC0B0055E175 /* Day2.swift */ = {isa = PBXFileReference; lastKnownFileType = sourcecode.swift; path = Day2.swift; sourceTree = "<group>"; };
		D6CD9C6021B4CC540055E175 /* Day3.swift */ = {isa = PBXFileReference; lastKnownFileType = sourcecode.swift; path = Day3.swift; sourceTree = "<group>"; };
		D6CD9C6221B4DE8A0055E175 /* Day1.txt */ = {isa = PBXFileReference; lastKnownFileType = text; path = Day1.txt; sourceTree = "<group>"; };
		D6CD9C6421B4E0650055E175 /* Day2.txt */ = {isa = PBXFileReference; lastKnownFileType = text; path = Day2.txt; sourceTree = "<group>"; };
		D6CD9C6621B4E41A0055E175 /* Day3.txt */ = {isa = PBXFileReference; lastKnownFileType = text; path = Day3.txt; sourceTree = "<group>"; };
		D6CD9C6821B4EB690055E175 /* Day14.swift */ = {isa = PBXFileReference; fileEncoding = 4; lastKnownFileType = sourcecode.swift; path = Day14.swift; sourceTree = "<group>"; };
		D6CD9C6921B4EB690055E175 /* Day21.txt */ = {isa = PBXFileReference; fileEncoding = 4; lastKnownFileType = text; path = Day21.txt; sourceTree = "<group>"; };
		D6CD9C6A21B4EB690055E175 /* Day9.txt */ = {isa = PBXFileReference; fileEncoding = 4; lastKnownFileType = text; path = Day9.txt; sourceTree = "<group>"; };
		D6CD9C6B21B4EB690055E175 /* Day22.swift */ = {isa = PBXFileReference; fileEncoding = 4; lastKnownFileType = sourcecode.swift; path = Day22.swift; sourceTree = "<group>"; };
		D6CD9C6C21B4EB690055E175 /* Day23.swift */ = {isa = PBXFileReference; fileEncoding = 4; lastKnownFileType = sourcecode.swift; path = Day23.swift; sourceTree = "<group>"; };
		D6CD9C6D21B4EB690055E175 /* Day25.swift */ = {isa = PBXFileReference; fileEncoding = 4; lastKnownFileType = sourcecode.swift; path = Day25.swift; sourceTree = "<group>"; };
		D6CD9C6E21B4EB690055E175 /* Day25.txt */ = {isa = PBXFileReference; fileEncoding = 4; lastKnownFileType = text; path = Day25.txt; sourceTree = "<group>"; };
		D6CD9C6F21B4EB690055E175 /* Day11.txt */ = {isa = PBXFileReference; fileEncoding = 4; lastKnownFileType = text; path = Day11.txt; sourceTree = "<group>"; };
		D6CD9C7021B4EB690055E175 /* Day14.txt */ = {isa = PBXFileReference; fileEncoding = 4; lastKnownFileType = text; path = Day14.txt; sourceTree = "<group>"; };
		D6CD9C7121B4EB690055E175 /* Day9.swift */ = {isa = PBXFileReference; fileEncoding = 4; lastKnownFileType = sourcecode.swift; path = Day9.swift; sourceTree = "<group>"; };
		D6CD9C7221B4EB690055E175 /* Day5.swift */ = {isa = PBXFileReference; fileEncoding = 4; lastKnownFileType = sourcecode.swift; path = Day5.swift; sourceTree = "<group>"; };
		D6CD9C7321B4EB690055E175 /* Day10.swift */ = {isa = PBXFileReference; fileEncoding = 4; lastKnownFileType = sourcecode.swift; path = Day10.swift; sourceTree = "<group>"; };
		D6CD9C7421B4EB690055E175 /* Day17.txt */ = {isa = PBXFileReference; fileEncoding = 4; lastKnownFileType = text; path = Day17.txt; sourceTree = "<group>"; };
		D6CD9C7521B4EB690055E175 /* Day19.swift */ = {isa = PBXFileReference; fileEncoding = 4; lastKnownFileType = sourcecode.swift; path = Day19.swift; sourceTree = "<group>"; };
		D6CD9C7621B4EB690055E175 /* Day21.swift */ = {isa = PBXFileReference; fileEncoding = 4; lastKnownFileType = sourcecode.swift; path = Day21.swift; sourceTree = "<group>"; };
		D6CD9C7721B4EB6A0055E175 /* Day7.swift */ = {isa = PBXFileReference; fileEncoding = 4; lastKnownFileType = sourcecode.swift; path = Day7.swift; sourceTree = "<group>"; };
		D6CD9C7821B4EB6A0055E175 /* Day16.swift */ = {isa = PBXFileReference; fileEncoding = 4; lastKnownFileType = sourcecode.swift; path = Day16.swift; sourceTree = "<group>"; };
		D6CD9C7921B4EB6A0055E175 /* Day8.txt */ = {isa = PBXFileReference; fileEncoding = 4; lastKnownFileType = text; path = Day8.txt; sourceTree = "<group>"; };
		D6CD9C7A21B4EB6A0055E175 /* Day12.swift */ = {isa = PBXFileReference; fileEncoding = 4; lastKnownFileType = sourcecode.swift; path = Day12.swift; sourceTree = "<group>"; };
		D6CD9C7B21B4EB6A0055E175 /* Day10.txt */ = {isa = PBXFileReference; fileEncoding = 4; lastKnownFileType = text; path = Day10.txt; sourceTree = "<group>"; };
		D6CD9C7C21B4EB6A0055E175 /* Day4.txt */ = {isa = PBXFileReference; fileEncoding = 4; lastKnownFileType = text; path = Day4.txt; sourceTree = "<group>"; };
		D6CD9C7D21B4EB6A0055E175 /* Day19.txt */ = {isa = PBXFileReference; fileEncoding = 4; lastKnownFileType = text; path = Day19.txt; sourceTree = "<group>"; };
		D6CD9C7E21B4EB6A0055E175 /* Day22.txt */ = {isa = PBXFileReference; fileEncoding = 4; lastKnownFileType = text; path = Day22.txt; sourceTree = "<group>"; };
		D6CD9C7F21B4EB6A0055E175 /* Day23.txt */ = {isa = PBXFileReference; fileEncoding = 4; lastKnownFileType = text; path = Day23.txt; sourceTree = "<group>"; };
		D6CD9C8021B4EB6A0055E175 /* Day13.txt */ = {isa = PBXFileReference; fileEncoding = 4; lastKnownFileType = text; path = Day13.txt; sourceTree = "<group>"; };
		D6CD9C8121B4EB6A0055E175 /* Day24.swift */ = {isa = PBXFileReference; fileEncoding = 4; lastKnownFileType = sourcecode.swift; path = Day24.swift; sourceTree = "<group>"; };
		D6CD9C8221B4EB6A0055E175 /* Day24.txt */ = {isa = PBXFileReference; fileEncoding = 4; lastKnownFileType = text; path = Day24.txt; sourceTree = "<group>"; };
		D6CD9C8321B4EB6B0055E175 /* Day6.swift */ = {isa = PBXFileReference; fileEncoding = 4; lastKnownFileType = sourcecode.swift; path = Day6.swift; sourceTree = "<group>"; };
		D6CD9C8421B4EB6B0055E175 /* Day16.txt */ = {isa = PBXFileReference; fileEncoding = 4; lastKnownFileType = text; path = Day16.txt; sourceTree = "<group>"; };
		D6CD9C8521B4EB6B0055E175 /* Day17.swift */ = {isa = PBXFileReference; fileEncoding = 4; lastKnownFileType = sourcecode.swift; path = Day17.swift; sourceTree = "<group>"; };
		D6CD9C8621B4EB6B0055E175 /* Day5.txt */ = {isa = PBXFileReference; fileEncoding = 4; lastKnownFileType = text; path = Day5.txt; sourceTree = "<group>"; };
		D6CD9C8721B4EB6B0055E175 /* Day8.swift */ = {isa = PBXFileReference; fileEncoding = 4; lastKnownFileType = sourcecode.swift; path = Day8.swift; sourceTree = "<group>"; };
		D6CD9C8821B4EB6B0055E175 /* Day11.swift */ = {isa = PBXFileReference; fileEncoding = 4; lastKnownFileType = sourcecode.swift; path = Day11.swift; sourceTree = "<group>"; };
		D6CD9C8921B4EB6B0055E175 /* Day7.txt */ = {isa = PBXFileReference; fileEncoding = 4; lastKnownFileType = text; path = Day7.txt; sourceTree = "<group>"; };
		D6CD9C8A21B4EB6B0055E175 /* Day15.swift */ = {isa = PBXFileReference; fileEncoding = 4; lastKnownFileType = sourcecode.swift; path = Day15.swift; sourceTree = "<group>"; };
		D6CD9C8B21B4EB6B0055E175 /* Day4.swift */ = {isa = PBXFileReference; fileEncoding = 4; lastKnownFileType = sourcecode.swift; path = Day4.swift; sourceTree = "<group>"; };
		D6CD9C8C21B4EB6B0055E175 /* Day18.swift */ = {isa = PBXFileReference; fileEncoding = 4; lastKnownFileType = sourcecode.swift; path = Day18.swift; sourceTree = "<group>"; };
		D6CD9C8D21B4EB6B0055E175 /* Day20.swift */ = {isa = PBXFileReference; fileEncoding = 4; lastKnownFileType = sourcecode.swift; path = Day20.swift; sourceTree = "<group>"; };
		D6CD9C8E21B4EB6B0055E175 /* Day13.swift */ = {isa = PBXFileReference; fileEncoding = 4; lastKnownFileType = sourcecode.swift; path = Day13.swift; sourceTree = "<group>"; };
		D6CD9C8F21B4EB6C0055E175 /* Day12.txt */ = {isa = PBXFileReference; fileEncoding = 4; lastKnownFileType = text; path = Day12.txt; sourceTree = "<group>"; };
		D6CD9C9021B4EB6C0055E175 /* Day15.txt */ = {isa = PBXFileReference; fileEncoding = 4; lastKnownFileType = text; path = Day15.txt; sourceTree = "<group>"; };
		D6CD9C9121B4EB6C0055E175 /* Day18.txt */ = {isa = PBXFileReference; fileEncoding = 4; lastKnownFileType = text; path = Day18.txt; sourceTree = "<group>"; };
		D6CD9C9221B4EB6C0055E175 /* Day6.txt */ = {isa = PBXFileReference; fileEncoding = 4; lastKnownFileType = text; path = Day6.txt; sourceTree = "<group>"; };
		D6CD9C9321B4EB6C0055E175 /* Day20.txt */ = {isa = PBXFileReference; fileEncoding = 4; lastKnownFileType = text; path = Day20.txt; sourceTree = "<group>"; };
/* End PBXFileReference section */

/* Begin PBXFrameworksBuildPhase section */
		D62FB47921B2C7DE001B7121 /* Frameworks */ = {
			isa = PBXFrameworksBuildPhase;
			buildActionMask = 2147483647;
			files = (
			);
			runOnlyForDeploymentPostprocessing = 0;
		};
		D62FB48D21B2C7DF001B7121 /* Frameworks */ = {
			isa = PBXFrameworksBuildPhase;
			buildActionMask = 2147483647;
			files = (
			);
			runOnlyForDeploymentPostprocessing = 0;
		};
		D62FB49821B2C7DF001B7121 /* Frameworks */ = {
			isa = PBXFrameworksBuildPhase;
			buildActionMask = 2147483647;
			files = (
			);
			runOnlyForDeploymentPostprocessing = 0;
		};
/* End PBXFrameworksBuildPhase section */

/* Begin PBXGroup section */
		D62FB47321B2C7DE001B7121 = {
			isa = PBXGroup;
			children = (
				D62FB47E21B2C7DE001B7121 /* AdventOfCode2018 */,
				D62FB49321B2C7DF001B7121 /* AdventOfCode2018Tests */,
				D62FB49E21B2C7DF001B7121 /* AdventOfCode2018UITests */,
				D62FB47D21B2C7DE001B7121 /* Products */,
			);
			sourceTree = "<group>";
		};
		D62FB47D21B2C7DE001B7121 /* Products */ = {
			isa = PBXGroup;
			children = (
				D62FB47C21B2C7DE001B7121 /* AdventOfCode2018.app */,
				D62FB49021B2C7DF001B7121 /* AdventOfCode2018Tests.xctest */,
				D62FB49B21B2C7DF001B7121 /* AdventOfCode2018UITests.xctest */,
			);
			name = Products;
			sourceTree = "<group>";
		};
		D62FB47E21B2C7DE001B7121 /* AdventOfCode2018 */ = {
			isa = PBXGroup;
			children = (
				D62FB47F21B2C7DE001B7121 /* AppDelegate.swift */,
				D62FB48121B2C7DE001B7121 /* ViewController.swift */,
				D62FB48321B2C7DE001B7121 /* Main.storyboard */,
				D62FB48621B2C7DF001B7121 /* Assets.xcassets */,
				D62FB48821B2C7DF001B7121 /* LaunchScreen.storyboard */,
				D62FB48B21B2C7DF001B7121 /* Info.plist */,
				D6CD9CC121B4ED640055E175 /* Day1 */,
				D6CD9CC221B4ED6C0055E175 /* Day2 */,
				D6CD9CC321B4ED740055E175 /* Day3 */,
				D6CD9CC421B4ED7D0055E175 /* Day4 */,
				D6CD9CC521B4ED960055E175 /* Day5 */,
				D6CD9CC621B4ED9E0055E175 /* Day6 */,
				D6CD9CC721B4EDAE0055E175 /* Day7 */,
				D6CD9CC921B4EDC60055E175 /* Day8 */,
				D6CD9CCA21B4EDCE0055E175 /* Day9 */,
				D6CD9CCB21B4EDD70055E175 /* Day10 */,
				D6CD9CCC21B4EDE00055E175 /* Day11 */,
				D6CD9CCD21B4EDE70055E175 /* Day12 */,
				D6CD9CCE21B4EDF00055E175 /* Day13 */,
				D6CD9CD021B4EE010055E175 /* Day14 */,
				D6CD9CD121B4EE090055E175 /* Day15 */,
				D6CD9CD221B4EE130055E175 /* Day16 */,
				D6CD9CD321B4EE1B0055E175 /* Day17 */,
				D6CD9CD421B4EE240055E175 /* Day18 */,
				D6CD9CD521B4EE360055E175 /* Day19 */,
				D6CD9CD621B4EE4D0055E175 /* Day20 */,
				D6CD9CD721B4EE560055E175 /* Day21 */,
				D6CD9CD821B4EE600055E175 /* Day22 */,
				D6CD9CD921B4EE680055E175 /* Day23 */,
				D6CD9CDA21B4EE700055E175 /* Day24 */,
				D6CD9CDB21B4EE7A0055E175 /* Day25 */,
			);
			path = AdventOfCode2018;
			sourceTree = "<group>";
		};
		D62FB49321B2C7DF001B7121 /* AdventOfCode2018Tests */ = {
			isa = PBXGroup;
			children = (
				D62FB49421B2C7DF001B7121 /* AdventOfCode2018Tests.swift */,
				D62FB49621B2C7DF001B7121 /* Info.plist */,
			);
			path = AdventOfCode2018Tests;
			sourceTree = "<group>";
		};
		D62FB49E21B2C7DF001B7121 /* AdventOfCode2018UITests */ = {
			isa = PBXGroup;
			children = (
				D62FB49F21B2C7DF001B7121 /* AdventOfCode2018UITests.swift */,
				D62FB4A121B2C7DF001B7121 /* Info.plist */,
			);
			path = AdventOfCode2018UITests;
			sourceTree = "<group>";
		};
		D6CD9CC121B4ED640055E175 /* Day1 */ = {
			isa = PBXGroup;
			children = (
				D62FB4AD21B2C80E001B7121 /* Day1.swift */,
				D6CD9C6221B4DE8A0055E175 /* Day1.txt */,
			);
			path = Day1;
			sourceTree = "<group>";
		};
		D6CD9CC221B4ED6C0055E175 /* Day2 */ = {
			isa = PBXGroup;
			children = (
				D6CD9C5E21B4CC0B0055E175 /* Day2.swift */,
				D6CD9C6421B4E0650055E175 /* Day2.txt */,
			);
			path = Day2;
			sourceTree = "<group>";
		};
		D6CD9CC321B4ED740055E175 /* Day3 */ = {
			isa = PBXGroup;
			children = (
				D6CD9C6021B4CC540055E175 /* Day3.swift */,
				D6CD9C6621B4E41A0055E175 /* Day3.txt */,
			);
			path = Day3;
			sourceTree = "<group>";
		};
		D6CD9CC421B4ED7D0055E175 /* Day4 */ = {
			isa = PBXGroup;
			children = (
				D6CD9C8B21B4EB6B0055E175 /* Day4.swift */,
				D6CD9C7C21B4EB6A0055E175 /* Day4.txt */,
			);
			path = Day4;
			sourceTree = "<group>";
		};
		D6CD9CC521B4ED960055E175 /* Day5 */ = {
			isa = PBXGroup;
			children = (
				D6CD9C7221B4EB690055E175 /* Day5.swift */,
				D6CD9C8621B4EB6B0055E175 /* Day5.txt */,
			);
			path = Day5;
			sourceTree = "<group>";
		};
		D6CD9CC621B4ED9E0055E175 /* Day6 */ = {
			isa = PBXGroup;
			children = (
				D6CD9C8321B4EB6B0055E175 /* Day6.swift */,
				D6CD9C9221B4EB6C0055E175 /* Day6.txt */,
			);
			path = Day6;
			sourceTree = "<group>";
		};
		D6CD9CC721B4EDAE0055E175 /* Day7 */ = {
			isa = PBXGroup;
			children = (
				D6CD9C7721B4EB6A0055E175 /* Day7.swift */,
				D6CD9C8921B4EB6B0055E175 /* Day7.txt */,
			);
			path = Day7;
			sourceTree = "<group>";
		};
		D6CD9CC921B4EDC60055E175 /* Day8 */ = {
			isa = PBXGroup;
			children = (
				D6CD9C8721B4EB6B0055E175 /* Day8.swift */,
				D6CD9C7921B4EB6A0055E175 /* Day8.txt */,
			);
			path = Day8;
			sourceTree = "<group>";
		};
		D6CD9CCA21B4EDCE0055E175 /* Day9 */ = {
			isa = PBXGroup;
			children = (
				D6CD9C7121B4EB690055E175 /* Day9.swift */,
				D6CD9C6A21B4EB690055E175 /* Day9.txt */,
			);
			path = Day9;
			sourceTree = "<group>";
		};
		D6CD9CCB21B4EDD70055E175 /* Day10 */ = {
			isa = PBXGroup;
			children = (
				D6CD9C7321B4EB690055E175 /* Day10.swift */,
				D6CD9C7B21B4EB6A0055E175 /* Day10.txt */,
			);
			path = Day10;
			sourceTree = "<group>";
		};
		D6CD9CCC21B4EDE00055E175 /* Day11 */ = {
			isa = PBXGroup;
			children = (
				D6CD9C8821B4EB6B0055E175 /* Day11.swift */,
				D6CD9C6F21B4EB690055E175 /* Day11.txt */,
			);
			path = Day11;
			sourceTree = "<group>";
		};
		D6CD9CCD21B4EDE70055E175 /* Day12 */ = {
			isa = PBXGroup;
			children = (
				D6CD9C7A21B4EB6A0055E175 /* Day12.swift */,
				D6CD9C8F21B4EB6C0055E175 /* Day12.txt */,
			);
			path = Day12;
			sourceTree = "<group>";
		};
		D6CD9CCE21B4EDF00055E175 /* Day13 */ = {
			isa = PBXGroup;
			children = (
				D6CD9C8E21B4EB6B0055E175 /* Day13.swift */,
				D6CD9C8021B4EB6A0055E175 /* Day13.txt */,
			);
			path = Day13;
			sourceTree = "<group>";
		};
		D6CD9CD021B4EE010055E175 /* Day14 */ = {
			isa = PBXGroup;
			children = (
				D6CD9C6821B4EB690055E175 /* Day14.swift */,
				D6CD9C7021B4EB690055E175 /* Day14.txt */,
			);
			path = Day14;
			sourceTree = "<group>";
		};
		D6CD9CD121B4EE090055E175 /* Day15 */ = {
			isa = PBXGroup;
			children = (
				D6CD9C8A21B4EB6B0055E175 /* Day15.swift */,
				D6CD9C9021B4EB6C0055E175 /* Day15.txt */,
			);
			path = Day15;
			sourceTree = "<group>";
		};
		D6CD9CD221B4EE130055E175 /* Day16 */ = {
			isa = PBXGroup;
			children = (
				D6CD9C7821B4EB6A0055E175 /* Day16.swift */,
				D6CD9C8421B4EB6B0055E175 /* Day16.txt */,
			);
			path = Day16;
			sourceTree = "<group>";
		};
		D6CD9CD321B4EE1B0055E175 /* Day17 */ = {
			isa = PBXGroup;
			children = (
				D6CD9C8521B4EB6B0055E175 /* Day17.swift */,
				D6CD9C7421B4EB690055E175 /* Day17.txt */,
			);
			path = Day17;
			sourceTree = "<group>";
		};
		D6CD9CD421B4EE240055E175 /* Day18 */ = {
			isa = PBXGroup;
			children = (
				D6CD9C8C21B4EB6B0055E175 /* Day18.swift */,
				D6CD9C9121B4EB6C0055E175 /* Day18.txt */,
			);
			path = Day18;
			sourceTree = "<group>";
		};
		D6CD9CD521B4EE360055E175 /* Day19 */ = {
			isa = PBXGroup;
			children = (
				D6CD9C7521B4EB690055E175 /* Day19.swift */,
				D6CD9C7D21B4EB6A0055E175 /* Day19.txt */,
			);
			path = Day19;
			sourceTree = "<group>";
		};
		D6CD9CD621B4EE4D0055E175 /* Day20 */ = {
			isa = PBXGroup;
			children = (
				D6CD9C8D21B4EB6B0055E175 /* Day20.swift */,
				D6CD9C9321B4EB6C0055E175 /* Day20.txt */,
			);
			path = Day20;
			sourceTree = "<group>";
		};
		D6CD9CD721B4EE560055E175 /* Day21 */ = {
			isa = PBXGroup;
			children = (
				D6CD9C7621B4EB690055E175 /* Day21.swift */,
				D6CD9C6921B4EB690055E175 /* Day21.txt */,
			);
			path = Day21;
			sourceTree = "<group>";
		};
		D6CD9CD821B4EE600055E175 /* Day22 */ = {
			isa = PBXGroup;
			children = (
				D6CD9C6B21B4EB690055E175 /* Day22.swift */,
				D6CD9C7E21B4EB6A0055E175 /* Day22.txt */,
			);
			path = Day22;
			sourceTree = "<group>";
		};
		D6CD9CD921B4EE680055E175 /* Day23 */ = {
			isa = PBXGroup;
			children = (
				D6CD9C6C21B4EB690055E175 /* Day23.swift */,
				D6CD9C7F21B4EB6A0055E175 /* Day23.txt */,
			);
			path = Day23;
			sourceTree = "<group>";
		};
		D6CD9CDA21B4EE700055E175 /* Day24 */ = {
			isa = PBXGroup;
			children = (
				D6CD9C8121B4EB6A0055E175 /* Day24.swift */,
				D6CD9C8221B4EB6A0055E175 /* Day24.txt */,
			);
			path = Day24;
			sourceTree = "<group>";
		};
		D6CD9CDB21B4EE7A0055E175 /* Day25 */ = {
			isa = PBXGroup;
			children = (
				D6CD9C6D21B4EB690055E175 /* Day25.swift */,
				D6CD9C6E21B4EB690055E175 /* Day25.txt */,
			);
			path = Day25;
			sourceTree = "<group>";
		};
/* End PBXGroup section */

/* Begin PBXNativeTarget section */
		D62FB47B21B2C7DE001B7121 /* AdventOfCode2018 */ = {
			isa = PBXNativeTarget;
			buildConfigurationList = D62FB4A421B2C7DF001B7121 /* Build configuration list for PBXNativeTarget "AdventOfCode2018" */;
			buildPhases = (
				D62FB47821B2C7DE001B7121 /* Sources */,
				D62FB47921B2C7DE001B7121 /* Frameworks */,
				D62FB47A21B2C7DE001B7121 /* Resources */,
			);
			buildRules = (
			);
			dependencies = (
			);
			name = AdventOfCode2018;
			productName = AdventOfCode2018;
			productReference = D62FB47C21B2C7DE001B7121 /* AdventOfCode2018.app */;
			productType = "com.apple.product-type.application";
		};
		D62FB48F21B2C7DF001B7121 /* AdventOfCode2018Tests */ = {
			isa = PBXNativeTarget;
			buildConfigurationList = D62FB4A721B2C7DF001B7121 /* Build configuration list for PBXNativeTarget "AdventOfCode2018Tests" */;
			buildPhases = (
				D62FB48C21B2C7DF001B7121 /* Sources */,
				D62FB48D21B2C7DF001B7121 /* Frameworks */,
				D62FB48E21B2C7DF001B7121 /* Resources */,
			);
			buildRules = (
			);
			dependencies = (
				D62FB49221B2C7DF001B7121 /* PBXTargetDependency */,
			);
			name = AdventOfCode2018Tests;
			productName = AdventOfCode2018Tests;
			productReference = D62FB49021B2C7DF001B7121 /* AdventOfCode2018Tests.xctest */;
			productType = "com.apple.product-type.bundle.unit-test";
		};
		D62FB49A21B2C7DF001B7121 /* AdventOfCode2018UITests */ = {
			isa = PBXNativeTarget;
			buildConfigurationList = D62FB4AA21B2C7DF001B7121 /* Build configuration list for PBXNativeTarget "AdventOfCode2018UITests" */;
			buildPhases = (
				D62FB49721B2C7DF001B7121 /* Sources */,
				D62FB49821B2C7DF001B7121 /* Frameworks */,
				D62FB49921B2C7DF001B7121 /* Resources */,
			);
			buildRules = (
			);
			dependencies = (
				D62FB49D21B2C7DF001B7121 /* PBXTargetDependency */,
			);
			name = AdventOfCode2018UITests;
			productName = AdventOfCode2018UITests;
			productReference = D62FB49B21B2C7DF001B7121 /* AdventOfCode2018UITests.xctest */;
			productType = "com.apple.product-type.bundle.ui-testing";
		};
/* End PBXNativeTarget section */

/* Begin PBXProject section */
		D62FB47421B2C7DE001B7121 /* Project object */ = {
			isa = PBXProject;
			attributes = {
				LastSwiftUpdateCheck = 1010;
				LastUpgradeCheck = 1010;
				ORGANIZATIONNAME = "Abraham Hunt";
				TargetAttributes = {
					D62FB47B21B2C7DE001B7121 = {
						CreatedOnToolsVersion = 10.1;
					};
					D62FB48F21B2C7DF001B7121 = {
						CreatedOnToolsVersion = 10.1;
						TestTargetID = D62FB47B21B2C7DE001B7121;
					};
					D62FB49A21B2C7DF001B7121 = {
						CreatedOnToolsVersion = 10.1;
						TestTargetID = D62FB47B21B2C7DE001B7121;
					};
				};
			};
			buildConfigurationList = D62FB47721B2C7DE001B7121 /* Build configuration list for PBXProject "AdventOfCode2018" */;
			compatibilityVersion = "Xcode 9.3";
			developmentRegion = en;
			hasScannedForEncodings = 0;
			knownRegions = (
				en,
				Base,
			);
			mainGroup = D62FB47321B2C7DE001B7121;
			productRefGroup = D62FB47D21B2C7DE001B7121 /* Products */;
			projectDirPath = "";
			projectRoot = "";
			targets = (
				D62FB47B21B2C7DE001B7121 /* AdventOfCode2018 */,
				D62FB48F21B2C7DF001B7121 /* AdventOfCode2018Tests */,
				D62FB49A21B2C7DF001B7121 /* AdventOfCode2018UITests */,
			);
		};
/* End PBXProject section */

/* Begin PBXResourcesBuildPhase section */
		D62FB47A21B2C7DE001B7121 /* Resources */ = {
			isa = PBXResourcesBuildPhase;
			buildActionMask = 2147483647;
			files = (
				D6CD9C9521B4EB6C0055E175 /* Day21.txt in Resources */,
				D6CD9C6521B4E0650055E175 /* Day2.txt in Resources */,
				D6CD9CBD21B4EB6C0055E175 /* Day18.txt in Resources */,
				D6CD9CBF21B4EB6C0055E175 /* Day20.txt in Resources */,
				D6CD9CA721B4EB6C0055E175 /* Day10.txt in Resources */,
				D6CD9C9C21B4EB6C0055E175 /* Day14.txt in Resources */,
				D6CD9CB521B4EB6C0055E175 /* Day7.txt in Resources */,
				D62FB48A21B2C7DF001B7121 /* LaunchScreen.storyboard in Resources */,
				D6CD9CB221B4EB6C0055E175 /* Day5.txt in Resources */,
				D6CD9CB021B4EB6C0055E175 /* Day16.txt in Resources */,
				D6CD9CBB21B4EB6C0055E175 /* Day12.txt in Resources */,
				D6CD9CA821B4EB6C0055E175 /* Day4.txt in Resources */,
				D6CD9CAA21B4EB6C0055E175 /* Day22.txt in Resources */,
				D6CD9CAE21B4EB6C0055E175 /* Day24.txt in Resources */,
				D6CD9C9B21B4EB6C0055E175 /* Day11.txt in Resources */,
				D6CD9CA021B4EB6C0055E175 /* Day17.txt in Resources */,
				D62FB48721B2C7DF001B7121 /* Assets.xcassets in Resources */,
				D6CD9CBC21B4EB6C0055E175 /* Day15.txt in Resources */,
				D62FB48521B2C7DE001B7121 /* Main.storyboard in Resources */,
				D6CD9C9A21B4EB6C0055E175 /* Day25.txt in Resources */,
				D6CD9C9621B4EB6C0055E175 /* Day9.txt in Resources */,
				D6CD9C6321B4DE8A0055E175 /* Day1.txt in Resources */,
				D6CD9CAB21B4EB6C0055E175 /* Day23.txt in Resources */,
				D6CD9CAC21B4EB6C0055E175 /* Day13.txt in Resources */,
				D6CD9CBE21B4EB6C0055E175 /* Day6.txt in Resources */,
				D6CD9CA521B4EB6C0055E175 /* Day8.txt in Resources */,
				D6CD9C6721B4E41A0055E175 /* Day3.txt in Resources */,
				D6CD9CA921B4EB6C0055E175 /* Day19.txt in Resources */,
			);
			runOnlyForDeploymentPostprocessing = 0;
		};
		D62FB48E21B2C7DF001B7121 /* Resources */ = {
			isa = PBXResourcesBuildPhase;
			buildActionMask = 2147483647;
			files = (
			);
			runOnlyForDeploymentPostprocessing = 0;
		};
		D62FB49921B2C7DF001B7121 /* Resources */ = {
			isa = PBXResourcesBuildPhase;
			buildActionMask = 2147483647;
			files = (
			);
			runOnlyForDeploymentPostprocessing = 0;
		};
/* End PBXResourcesBuildPhase section */

/* Begin PBXSourcesBuildPhase section */
		D62FB47821B2C7DE001B7121 /* Sources */ = {
			isa = PBXSourcesBuildPhase;
			buildActionMask = 2147483647;
			files = (
				D6CD9C9721B4EB6C0055E175 /* Day22.swift in Sources */,
				D6CD9CA321B4EB6C0055E175 /* Day7.swift in Sources */,
				D6CD9CBA21B4EB6C0055E175 /* Day13.swift in Sources */,
				D6CD9CB921B4EB6C0055E175 /* Day20.swift in Sources */,
				D6CD9C9821B4EB6C0055E175 /* Day23.swift in Sources */,
				D6CD9C9E21B4EB6C0055E175 /* Day5.swift in Sources */,
				D62FB48221B2C7DE001B7121 /* ViewController.swift in Sources */,
				D6CD9C6121B4CC540055E175 /* Day3.swift in Sources */,
				D6CD9C9F21B4EB6C0055E175 /* Day10.swift in Sources */,
				D6CD9CB721B4EB6C0055E175 /* Day4.swift in Sources */,
				D6CD9CA621B4EB6C0055E175 /* Day12.swift in Sources */,
				D6CD9CB421B4EB6C0055E175 /* Day11.swift in Sources */,
				D6CD9C5F21B4CC0B0055E175 /* Day2.swift in Sources */,
				D62FB4AE21B2C80E001B7121 /* Day1.swift in Sources */,
				D6CD9CAD21B4EB6C0055E175 /* Day24.swift in Sources */,
				D6CD9C9D21B4EB6C0055E175 /* Day9.swift in Sources */,
				D6CD9CB621B4EB6C0055E175 /* Day15.swift in Sources */,
				D6CD9CA221B4EB6C0055E175 /* Day21.swift in Sources */,
				D6CD9CB321B4EB6C0055E175 /* Day8.swift in Sources */,
				D6CD9CA421B4EB6C0055E175 /* Day16.swift in Sources */,
				D62FB48021B2C7DE001B7121 /* AppDelegate.swift in Sources */,
				D6CD9CA121B4EB6C0055E175 /* Day19.swift in Sources */,
				D6CD9CB121B4EB6C0055E175 /* Day17.swift in Sources */,
				D6CD9CAF21B4EB6C0055E175 /* Day6.swift in Sources */,
				D6CD9CB821B4EB6C0055E175 /* Day18.swift in Sources */,
				D6CD9C9921B4EB6C0055E175 /* Day25.swift in Sources */,
				D6CD9C9421B4EB6C0055E175 /* Day14.swift in Sources */,
			);
			runOnlyForDeploymentPostprocessing = 0;
		};
		D62FB48C21B2C7DF001B7121 /* Sources */ = {
			isa = PBXSourcesBuildPhase;
			buildActionMask = 2147483647;
			files = (
				D62FB49521B2C7DF001B7121 /* AdventOfCode2018Tests.swift in Sources */,
			);
			runOnlyForDeploymentPostprocessing = 0;
		};
		D62FB49721B2C7DF001B7121 /* Sources */ = {
			isa = PBXSourcesBuildPhase;
			buildActionMask = 2147483647;
			files = (
				D62FB4A021B2C7DF001B7121 /* AdventOfCode2018UITests.swift in Sources */,
			);
			runOnlyForDeploymentPostprocessing = 0;
		};
/* End PBXSourcesBuildPhase section */

/* Begin PBXTargetDependency section */
		D62FB49221B2C7DF001B7121 /* PBXTargetDependency */ = {
			isa = PBXTargetDependency;
			target = D62FB47B21B2C7DE001B7121 /* AdventOfCode2018 */;
			targetProxy = D62FB49121B2C7DF001B7121 /* PBXContainerItemProxy */;
		};
		D62FB49D21B2C7DF001B7121 /* PBXTargetDependency */ = {
			isa = PBXTargetDependency;
			target = D62FB47B21B2C7DE001B7121 /* AdventOfCode2018 */;
			targetProxy = D62FB49C21B2C7DF001B7121 /* PBXContainerItemProxy */;
		};
/* End PBXTargetDependency section */

/* Begin PBXVariantGroup section */
		D62FB48321B2C7DE001B7121 /* Main.storyboard */ = {
			isa = PBXVariantGroup;
			children = (
				D62FB48421B2C7DE001B7121 /* Base */,
			);
			name = Main.storyboard;
			sourceTree = "<group>";
		};
		D62FB48821B2C7DF001B7121 /* LaunchScreen.storyboard */ = {
			isa = PBXVariantGroup;
			children = (
				D62FB48921B2C7DF001B7121 /* Base */,
			);
			name = LaunchScreen.storyboard;
			sourceTree = "<group>";
		};
/* End PBXVariantGroup section */

/* Begin XCBuildConfiguration section */
		D62FB4A221B2C7DF001B7121 /* Debug */ = {
			isa = XCBuildConfiguration;
			buildSettings = {
				ALWAYS_SEARCH_USER_PATHS = NO;
				CLANG_ANALYZER_NONNULL = YES;
				CLANG_ANALYZER_NUMBER_OBJECT_CONVERSION = YES_AGGRESSIVE;
				CLANG_CXX_LANGUAGE_STANDARD = "gnu++14";
				CLANG_CXX_LIBRARY = "libc++";
				CLANG_ENABLE_MODULES = YES;
				CLANG_ENABLE_OBJC_ARC = YES;
				CLANG_ENABLE_OBJC_WEAK = YES;
				CLANG_WARN_BLOCK_CAPTURE_AUTORELEASING = YES;
				CLANG_WARN_BOOL_CONVERSION = YES;
				CLANG_WARN_COMMA = YES;
				CLANG_WARN_CONSTANT_CONVERSION = YES;
				CLANG_WARN_DEPRECATED_OBJC_IMPLEMENTATIONS = YES;
				CLANG_WARN_DIRECT_OBJC_ISA_USAGE = YES_ERROR;
				CLANG_WARN_DOCUMENTATION_COMMENTS = YES;
				CLANG_WARN_EMPTY_BODY = YES;
				CLANG_WARN_ENUM_CONVERSION = YES;
				CLANG_WARN_INFINITE_RECURSION = YES;
				CLANG_WARN_INT_CONVERSION = YES;
				CLANG_WARN_NON_LITERAL_NULL_CONVERSION = YES;
				CLANG_WARN_OBJC_IMPLICIT_RETAIN_SELF = YES;
				CLANG_WARN_OBJC_LITERAL_CONVERSION = YES;
				CLANG_WARN_OBJC_ROOT_CLASS = YES_ERROR;
				CLANG_WARN_RANGE_LOOP_ANALYSIS = YES;
				CLANG_WARN_STRICT_PROTOTYPES = YES;
				CLANG_WARN_SUSPICIOUS_MOVE = YES;
				CLANG_WARN_UNGUARDED_AVAILABILITY = YES_AGGRESSIVE;
				CLANG_WARN_UNREACHABLE_CODE = YES;
				CLANG_WARN__DUPLICATE_METHOD_MATCH = YES;
				CODE_SIGN_IDENTITY = "iPhone Developer";
				COPY_PHASE_STRIP = NO;
				DEBUG_INFORMATION_FORMAT = dwarf;
				ENABLE_STRICT_OBJC_MSGSEND = YES;
				ENABLE_TESTABILITY = YES;
				GCC_C_LANGUAGE_STANDARD = gnu11;
				GCC_DYNAMIC_NO_PIC = NO;
				GCC_NO_COMMON_BLOCKS = YES;
				GCC_OPTIMIZATION_LEVEL = 0;
				GCC_PREPROCESSOR_DEFINITIONS = (
					"DEBUG=1",
					"$(inherited)",
				);
				GCC_WARN_64_TO_32_BIT_CONVERSION = YES;
				GCC_WARN_ABOUT_RETURN_TYPE = YES_ERROR;
				GCC_WARN_UNDECLARED_SELECTOR = YES;
				GCC_WARN_UNINITIALIZED_AUTOS = YES_AGGRESSIVE;
				GCC_WARN_UNUSED_FUNCTION = YES;
				GCC_WARN_UNUSED_VARIABLE = YES;
				IPHONEOS_DEPLOYMENT_TARGET = 12.1;
				MTL_ENABLE_DEBUG_INFO = INCLUDE_SOURCE;
				MTL_FAST_MATH = YES;
				ONLY_ACTIVE_ARCH = YES;
				SDKROOT = iphoneos;
				SWIFT_ACTIVE_COMPILATION_CONDITIONS = DEBUG;
				SWIFT_OPTIMIZATION_LEVEL = "-Onone";
			};
			name = Debug;
		};
		D62FB4A321B2C7DF001B7121 /* Release */ = {
			isa = XCBuildConfiguration;
			buildSettings = {
				ALWAYS_SEARCH_USER_PATHS = NO;
				CLANG_ANALYZER_NONNULL = YES;
				CLANG_ANALYZER_NUMBER_OBJECT_CONVERSION = YES_AGGRESSIVE;
				CLANG_CXX_LANGUAGE_STANDARD = "gnu++14";
				CLANG_CXX_LIBRARY = "libc++";
				CLANG_ENABLE_MODULES = YES;
				CLANG_ENABLE_OBJC_ARC = YES;
				CLANG_ENABLE_OBJC_WEAK = YES;
				CLANG_WARN_BLOCK_CAPTURE_AUTORELEASING = YES;
				CLANG_WARN_BOOL_CONVERSION = YES;
				CLANG_WARN_COMMA = YES;
				CLANG_WARN_CONSTANT_CONVERSION = YES;
				CLANG_WARN_DEPRECATED_OBJC_IMPLEMENTATIONS = YES;
				CLANG_WARN_DIRECT_OBJC_ISA_USAGE = YES_ERROR;
				CLANG_WARN_DOCUMENTATION_COMMENTS = YES;
				CLANG_WARN_EMPTY_BODY = YES;
				CLANG_WARN_ENUM_CONVERSION = YES;
				CLANG_WARN_INFINITE_RECURSION = YES;
				CLANG_WARN_INT_CONVERSION = YES;
				CLANG_WARN_NON_LITERAL_NULL_CONVERSION = YES;
				CLANG_WARN_OBJC_IMPLICIT_RETAIN_SELF = YES;
				CLANG_WARN_OBJC_LITERAL_CONVERSION = YES;
				CLANG_WARN_OBJC_ROOT_CLASS = YES_ERROR;
				CLANG_WARN_RANGE_LOOP_ANALYSIS = YES;
				CLANG_WARN_STRICT_PROTOTYPES = YES;
				CLANG_WARN_SUSPICIOUS_MOVE = YES;
				CLANG_WARN_UNGUARDED_AVAILABILITY = YES_AGGRESSIVE;
				CLANG_WARN_UNREACHABLE_CODE = YES;
				CLANG_WARN__DUPLICATE_METHOD_MATCH = YES;
				CODE_SIGN_IDENTITY = "iPhone Developer";
				COPY_PHASE_STRIP = NO;
				DEBUG_INFORMATION_FORMAT = "dwarf-with-dsym";
				ENABLE_NS_ASSERTIONS = NO;
				ENABLE_STRICT_OBJC_MSGSEND = YES;
				GCC_C_LANGUAGE_STANDARD = gnu11;
				GCC_NO_COMMON_BLOCKS = YES;
				GCC_WARN_64_TO_32_BIT_CONVERSION = YES;
				GCC_WARN_ABOUT_RETURN_TYPE = YES_ERROR;
				GCC_WARN_UNDECLARED_SELECTOR = YES;
				GCC_WARN_UNINITIALIZED_AUTOS = YES_AGGRESSIVE;
				GCC_WARN_UNUSED_FUNCTION = YES;
				GCC_WARN_UNUSED_VARIABLE = YES;
				IPHONEOS_DEPLOYMENT_TARGET = 12.1;
				MTL_ENABLE_DEBUG_INFO = NO;
				MTL_FAST_MATH = YES;
				SDKROOT = iphoneos;
				SWIFT_COMPILATION_MODE = wholemodule;
				SWIFT_OPTIMIZATION_LEVEL = "-O";
				VALIDATE_PRODUCT = YES;
			};
			name = Release;
		};
		D62FB4A521B2C7DF001B7121 /* Debug */ = {
			isa = XCBuildConfiguration;
			buildSettings = {
				ASSETCATALOG_COMPILER_APPICON_NAME = AppIcon;
				CODE_SIGN_STYLE = Automatic;
				DEVELOPMENT_TEAM = DVQ53827XE;
				INFOPLIST_FILE = AdventOfCode2018/Info.plist;
				IPHONEOS_DEPLOYMENT_TARGET = 11.0;
				LD_RUNPATH_SEARCH_PATHS = (
					"$(inherited)",
					"@executable_path/Frameworks",
				);
				PRODUCT_BUNDLE_IDENTIFIER = com.abrahamhunt.AdventOfCode2018;
				PRODUCT_NAME = "$(TARGET_NAME)";
				SWIFT_VERSION = 4.2;
				TARGETED_DEVICE_FAMILY = "1,2";
			};
			name = Debug;
		};
		D62FB4A621B2C7DF001B7121 /* Release */ = {
			isa = XCBuildConfiguration;
			buildSettings = {
				ASSETCATALOG_COMPILER_APPICON_NAME = AppIcon;
				CODE_SIGN_STYLE = Automatic;
				DEVELOPMENT_TEAM = DVQ53827XE;
				INFOPLIST_FILE = AdventOfCode2018/Info.plist;
				IPHONEOS_DEPLOYMENT_TARGET = 11.0;
				LD_RUNPATH_SEARCH_PATHS = (
					"$(inherited)",
					"@executable_path/Frameworks",
				);
				PRODUCT_BUNDLE_IDENTIFIER = com.abrahamhunt.AdventOfCode2018;
				PRODUCT_NAME = "$(TARGET_NAME)";
				SWIFT_VERSION = 4.2;
				TARGETED_DEVICE_FAMILY = "1,2";
			};
			name = Release;
		};
		D62FB4A821B2C7DF001B7121 /* Debug */ = {
			isa = XCBuildConfiguration;
			buildSettings = {
				ALWAYS_EMBED_SWIFT_STANDARD_LIBRARIES = YES;
				BUNDLE_LOADER = "$(TEST_HOST)";
				CODE_SIGN_STYLE = Automatic;
				DEVELOPMENT_TEAM = DVQ53827XE;
				INFOPLIST_FILE = AdventOfCode2018Tests/Info.plist;
				LD_RUNPATH_SEARCH_PATHS = (
					"$(inherited)",
					"@executable_path/Frameworks",
					"@loader_path/Frameworks",
				);
				PRODUCT_BUNDLE_IDENTIFIER = com.abrahamhunt.AdventOfCode2018Tests;
				PRODUCT_NAME = "$(TARGET_NAME)";
				SWIFT_VERSION = 4.2;
				TARGETED_DEVICE_FAMILY = "1,2";
				TEST_HOST = "$(BUILT_PRODUCTS_DIR)/AdventOfCode2018.app/AdventOfCode2018";
			};
			name = Debug;
		};
		D62FB4A921B2C7DF001B7121 /* Release */ = {
			isa = XCBuildConfiguration;
			buildSettings = {
				ALWAYS_EMBED_SWIFT_STANDARD_LIBRARIES = YES;
				BUNDLE_LOADER = "$(TEST_HOST)";
				CODE_SIGN_STYLE = Automatic;
				DEVELOPMENT_TEAM = DVQ53827XE;
				INFOPLIST_FILE = AdventOfCode2018Tests/Info.plist;
				LD_RUNPATH_SEARCH_PATHS = (
					"$(inherited)",
					"@executable_path/Frameworks",
					"@loader_path/Frameworks",
				);
				PRODUCT_BUNDLE_IDENTIFIER = com.abrahamhunt.AdventOfCode2018Tests;
				PRODUCT_NAME = "$(TARGET_NAME)";
				SWIFT_VERSION = 4.2;
				TARGETED_DEVICE_FAMILY = "1,2";
				TEST_HOST = "$(BUILT_PRODUCTS_DIR)/AdventOfCode2018.app/AdventOfCode2018";
			};
			name = Release;
		};
		D62FB4AB21B2C7DF001B7121 /* Debug */ = {
			isa = XCBuildConfiguration;
			buildSettings = {
				ALWAYS_EMBED_SWIFT_STANDARD_LIBRARIES = YES;
				CODE_SIGN_STYLE = Automatic;
				DEVELOPMENT_TEAM = DVQ53827XE;
				INFOPLIST_FILE = AdventOfCode2018UITests/Info.plist;
				LD_RUNPATH_SEARCH_PATHS = (
					"$(inherited)",
					"@executable_path/Frameworks",
					"@loader_path/Frameworks",
				);
				PRODUCT_BUNDLE_IDENTIFIER = com.abrahamhunt.AdventOfCode2018UITests;
				PRODUCT_NAME = "$(TARGET_NAME)";
				SWIFT_VERSION = 4.2;
				TARGETED_DEVICE_FAMILY = "1,2";
				TEST_TARGET_NAME = AdventOfCode2018;
			};
			name = Debug;
		};
		D62FB4AC21B2C7DF001B7121 /* Release */ = {
			isa = XCBuildConfiguration;
			buildSettings = {
				ALWAYS_EMBED_SWIFT_STANDARD_LIBRARIES = YES;
				CODE_SIGN_STYLE = Automatic;
				DEVELOPMENT_TEAM = DVQ53827XE;
				INFOPLIST_FILE = AdventOfCode2018UITests/Info.plist;
				LD_RUNPATH_SEARCH_PATHS = (
					"$(inherited)",
					"@executable_path/Frameworks",
					"@loader_path/Frameworks",
				);
				PRODUCT_BUNDLE_IDENTIFIER = com.abrahamhunt.AdventOfCode2018UITests;
				PRODUCT_NAME = "$(TARGET_NAME)";
				SWIFT_VERSION = 4.2;
				TARGETED_DEVICE_FAMILY = "1,2";
				TEST_TARGET_NAME = AdventOfCode2018;
			};
			name = Release;
		};
/* End XCBuildConfiguration section */

/* Begin XCConfigurationList section */
		D62FB47721B2C7DE001B7121 /* Build configuration list for PBXProject "AdventOfCode2018" */ = {
			isa = XCConfigurationList;
			buildConfigurations = (
				D62FB4A221B2C7DF001B7121 /* Debug */,
				D62FB4A321B2C7DF001B7121 /* Release */,
			);
			defaultConfigurationIsVisible = 0;
			defaultConfigurationName = Release;
		};
		D62FB4A421B2C7DF001B7121 /* Build configuration list for PBXNativeTarget "AdventOfCode2018" */ = {
			isa = XCConfigurationList;
			buildConfigurations = (
				D62FB4A521B2C7DF001B7121 /* Debug */,
				D62FB4A621B2C7DF001B7121 /* Release */,
			);
			defaultConfigurationIsVisible = 0;
			defaultConfigurationName = Release;
		};
		D62FB4A721B2C7DF001B7121 /* Build configuration list for PBXNativeTarget "AdventOfCode2018Tests" */ = {
			isa = XCConfigurationList;
			buildConfigurations = (
				D62FB4A821B2C7DF001B7121 /* Debug */,
				D62FB4A921B2C7DF001B7121 /* Release */,
			);
			defaultConfigurationIsVisible = 0;
			defaultConfigurationName = Release;
		};
		D62FB4AA21B2C7DF001B7121 /* Build configuration list for PBXNativeTarget "AdventOfCode2018UITests" */ = {
			isa = XCConfigurationList;
			buildConfigurations = (
				D62FB4AB21B2C7DF001B7121 /* Debug */,
				D62FB4AC21B2C7DF001B7121 /* Release */,
			);
			defaultConfigurationIsVisible = 0;
			defaultConfigurationName = Release;
		};
/* End XCConfigurationList section */
	};
	rootObject = D62FB47421B2C7DE001B7121 /* Project object */;
}
